
Microsoft Visual Studio Solution File, Format Version 12.00
# Visual Studio Version 17
VisualStudioVersion = 17.14.36915.13 d17.14
MinimumVisualStudioVersion = 10.0.40219.1
Project("{FAE04EC0-301F-11D3-BF4B-00C04F79EFBC}") = "CollegeSchedule", "CollegeSchedule\CollegeSchedule.csproj", "{541729E4-41DE-4B1E-9342-03D2F4BD29A5}"
EndProject
Global
	GlobalSection(SolutionConfigurationPlatforms) = preSolution
		Debug|Any CPU = Debug|Any CPU
		Release|Any CPU = Release|Any CPU
	EndGlobalSection
	GlobalSection(ProjectConfigurationPlatforms) = postSolution
		{541729E4-41DE-4B1E-9342-03D2F4BD29A5}.Debug|Any CPU.ActiveCfg = Debug|Any CPU
		{541729E4-41DE-4B1E-9342-03D2F4BD29A5}.Debug|Any CPU.Build.0 = Debug|Any CPU
		{541729E4-41DE-4B1E-9342-03D2F4BD29A5}.Release|Any CPU.ActiveCfg = Release|Any CPU
		{541729E4-41DE-4B1E-9342-03D2F4BD29A5}.Release|Any CPU.Build.0 = Release|Any CPU
	EndGlobalSection
	GlobalSection(SolutionProperties) = preSolution
		HideSolutionNode = FALSE
	EndGlobalSection
	GlobalSection(ExtensibilityGlobals) = postSolution
		SolutionGuid = {E76EAF29-6E14-475C-B63A-5B7C53C32180}
	EndGlobalSection
EndGlobal
